
Microsoft Visual Studio Solution File, Format Version 12.00
# Visual Studio Version 16
VisualStudioVersion = 16.0.31005.135
MinimumVisualStudioVersion = 10.0.40219.1
Project("{FAE04EC0-301F-11D3-BF4B-00C04F79EFBC}") = "TheJokesWebApp", "TheJokesWebApp\TheJokesWebApp.csproj", "{BBE6B50C-7060-471A-AA56-293E4D0D5C21}"
EndProject
Global
	GlobalSection(SolutionConfigurationPlatforms) = preSolution
		Debug|Any CPU = Debug|Any CPU
		Release|Any CPU = Release|Any CPU
	EndGlobalSection
	GlobalSection(ProjectConfigurationPlatforms) = postSolution
		{BBE6B50C-7060-471A-AA56-293E4D0D5C21}.Debug|Any CPU.ActiveCfg = Debug|Any CPU
		{BBE6B50C-7060-471A-AA56-293E4D0D5C21}.Debug|Any CPU.Build.0 = Debug|Any CPU
		{BBE6B50C-7060-471A-AA56-293E4D0D5C21}.Release|Any CPU.ActiveCfg = Release|Any CPU
		{BBE6B50C-7060-471A-AA56-293E4D0D5C21}.Release|Any CPU.Build.0 = Release|Any CPU
	EndGlobalSection
	GlobalSection(SolutionProperties) = preSolution
		HideSolutionNode = FALSE
	EndGlobalSection
	GlobalSection(ExtensibilityGlobals) = postSolution
		SolutionGuid = {08B234E7-E421-444E-B1B5-C040A17B8CB2}
	EndGlobalSection
EndGlobal
